[[package]]
name = "aiocron"
sections = ["default"]
version = "1.3"
summary = "Crontabs for asyncio"

[package.dependencies]
croniter = "*"
tzlocal = "*"

[[package]]
name = "async-lru"
sections = ["default"]
version = "1.0.2"
marker = "python_version >= '3.6' and python_version < '4.0'"
summary = "Simple lru_cache for asyncio"

[[package]]
name = "certifi"
sections = ["default"]
version = "2020.6.20"
marker = "python_version >= '3.6'"
summary = "Python package for providing Mozilla's CA Bundle."

[[package]]
name = "colorama"
sections = ["default"]
version = "0.4.4"
marker = "sys_platform == 'win32' and python_version >= '3.5'"
summary = "Cross-platform colored terminal text."

[[package]]
name = "croniter"
sections = ["default"]
version = "0.3.35"
marker = "python_version >= '2.6' and python_version not in '3.0, 3.1, 3.2, 3.3'"
summary = "croniter provides iteration for datetime object with cron like format"

[package.dependencies]
natsort = "*"
python-dateutil = "*"

[[package]]
name = "h11"
sections = ["default"]
version = "0.11.0"
marker = "python_version >= '3.6'"
summary = "A pure-Python, bring-your-own-I/O implementation of HTTP/1.1"

[[package]]
name = "httpcore"
sections = ["default"]
version = "0.12.0"
marker = "python_version >= '3.6'"
summary = "A minimal low-level HTTP client."

[package.dependencies]
h11 = "==0.*"
sniffio = "==1.*"

[[package]]
name = "httpx"
sections = ["default"]
version = "0.16.1"
marker = "python_version >= '3.6'"
summary = "The next generation HTTP client."

[package.dependencies]
certifi = "*"
sniffio = "*"
rfc3986 = {extras = ["idna2008"], version = "<2,>=1.3"}
httpcore = "==0.12.*"

[[package]]
name = "idna"
sections = ["default"]
version = "2.10"
marker = "python_version >= '3.6'"
summary = "Internationalized Domain Names in Applications (IDNA)"

[[package]]
name = "loguru"
sections = ["default"]
version = "0.5.3"
marker = "python_version >= '3.5'"
summary = "Python logging made (stupidly) simple"

[package.dependencies]
colorama = {marker = "sys_platform == 'win32'", version = ">=0.3.4"}
win32-setctime = {marker = "sys_platform == 'win32'", version = ">=1.0.0"}

[[package]]
name = "natsort"
sections = ["default"]
version = "7.0.1"
marker = "python_version >= '3.4'"
summary = "Simple yet flexible natural sorting in Python."

[[package]]
name = "pyaes"
sections = ["default"]
version = "1.6.1"
marker = "python_version >= '3.6' and python_version < '4.0'"
summary = "Pure-Python Implementation of the AES block-cipher and common modes of operation"

[[package]]
name = "pyrogram"
sections = ["default"]
version = "1.0.7"
marker = "python_version >= '3.6' and python_version < '4.0'"
summary = "Telegram MTProto API Client Library and Framework for Python"

[package.dependencies]
pyaes = "==1.6.1"
pysocks = "==1.7.1"
async-lru = "==1.0.2"

[[package]]
name = "pysocks"
sections = ["default"]
version = "1.7.1"
marker = "python_version >= '3.6' and python_version < '4.0'"
summary = "A Python SOCKS client module. See https://github.com/Anorov/PySocks for more information."

[[package]]
name = "python-dateutil"
sections = ["default"]
version = "2.8.1"
marker = "python_version >= '2.7' and python_version not in '3.0, 3.1, 3.2, 3.3'"
summary = "Extensions to the standard Python datetime module"

[package.dependencies]
six = ">=1.5"

[[package]]
name = "pytz"
sections = ["default"]
version = "2020.1"
summary = "World timezone definitions, modern and historical"

[[package]]
name = "rfc3986"
sections = ["default"]
version = "1.4.0"
marker = "python_version >= '3.6'"
summary = "Validating URI References per RFC 3986"

[[package]]
name = "rfc3986"
sections = ["default"]
version = "1.4.0"
extras = ["idna2008"]
marker = "python_version >= '3.6'"
summary = "Validating URI References per RFC 3986"

[package.dependencies]
idna = "*"
rfc3986 = "<2,>=1.3"

[[package]]
name = "six"
sections = ["default"]
version = "1.15.0"
marker = "python_version >= '2.7' and python_version not in '3.0, 3.1, 3.2, 3.3'"
summary = "Python 2 and 3 compatibility utilities"

[[package]]
name = "sniffio"
sections = ["default"]
version = "1.2.0"
marker = "python_version >= '3.6'"
summary = "Sniff out which async library your code is running under"

[[package]]
name = "tomlkit"
sections = ["default"]
version = "0.7.0"
marker = "python_version >= '2.7' and python_version not in '3.0, 3.1, 3.2, 3.3, 3.4'"
summary = "Style preserving TOML library"

[[package]]
name = "tzlocal"
sections = ["default"]
version = "2.1"
summary = "tzinfo object for the local timezone"

[package.dependencies]
pytz = "*"

[[package]]
name = "win32-setctime"
sections = ["default"]
version = "1.0.3"
marker = "sys_platform == 'win32' and python_version >= '3.5'"
summary = "A small Python utility to set file creation time on Windows"

[metadata]
"aiocron 1.3" = [
    {file = "aiocron-1.3-py2.py3-none-any.whl", hash = "sha256:f20b29ba8207d789b44ecb516ef084fa84d3e02dde1c82fa4009c90b072b63c7"},
    {file = "aiocron-1.3.tar.gz", hash = "sha256:7f7c343b5bb18695206714f038726e3795e6dfa69affcc25abe17838d51be69c"},
]
"async-lru 1.0.2" = [
    {file = "async_lru-1.0.2.tar.gz", hash = "sha256:baa898027619f5cc31b7966f96f00e4fc0df43ba206a8940a5d1af5336a477cb"},
]
"certifi 2020.6.20" = [
    {file = "certifi-2020.6.20-py2.py3-none-any.whl", hash = "sha256:8fc0819f1f30ba15bdb34cceffb9ef04d99f420f68eb75d901e9560b8749fc41"},
    {file = "certifi-2020.6.20.tar.gz", hash = "sha256:5930595817496dd21bb8dc35dad090f1c2cd0adfaf21204bf6732ca5d8ee34d3"},
]
"colorama 0.4.4" = [
    {file = "colorama-0.4.4-py2.py3-none-any.whl", hash = "sha256:9f47eda37229f68eee03b24b9748937c7dc3868f906e8ba69fbcbdd3bc5dc3e2"},
]
"croniter 0.3.35" = [
    {file = "croniter-0.3.35-py2.py3-none-any.whl", hash = "sha256:4eeb32f173a714a78ab529f23a4d92b52e66c8d14b422202900230df74da82da"},
    {file = "croniter-0.3.35.tar.gz", hash = "sha256:b9075573d9d18fdc4c67ad6741c4bfa4b446b1b1d7f03279757244c8a75abedf"},
]
"h11 0.11.0" = [
    {file = "h11-0.11.0-py2.py3-none-any.whl", hash = "sha256:ab6c335e1b6ef34b205d5ca3e228c9299cc7218b049819ec84a388c2525e5d87"},
    {file = "h11-0.11.0.tar.gz", hash = "sha256:3c6c61d69c6f13d41f1b80ab0322f1872702a3ba26e12aa864c928f6a43fbaab"},
]
"httpcore 0.12.0" = [
    {file = "httpcore-0.12.0-py3-none-any.whl", hash = "sha256:18c4afcbfe884b635e59739105aed1692e132bc5d31597109f3c1c97e4ec1cac"},
    {file = "httpcore-0.12.0.tar.gz", hash = "sha256:2526a38f31ac5967d38b7f593b5d8c4bd3fa82c21400402f866ba3312946acbf"},
]
"httpx 0.16.1" = [
    {file = "httpx-0.16.1-py3-none-any.whl", hash = "sha256:9cffb8ba31fac6536f2c8cde30df859013f59e4bcc5b8d43901cb3654a8e0a5b"},
    {file = "httpx-0.16.1.tar.gz", hash = "sha256:126424c279c842738805974687e0518a94c7ae8d140cd65b9c4f77ac46ffa537"},
]
"idna 2.10" = [
    {file = "idna-2.10-py2.py3-none-any.whl", hash = "sha256:b97d804b1e9b523befed77c48dacec60e6dcb0b5391d57af6a65a312a90648c0"},
    {file = "idna-2.10.tar.gz", hash = "sha256:b307872f855b18632ce0c21c5e45be78c0ea7ae4c15c828c20788b26921eb3f6"},
]
"loguru 0.5.3" = [
    {file = "loguru-0.5.3-py3-none-any.whl", hash = "sha256:f8087ac396b5ee5f67c963b495d615ebbceac2796379599820e324419d53667c"},
    {file = "loguru-0.5.3.tar.gz", hash = "sha256:b28e72ac7a98be3d28ad28570299a393dfcd32e5e3f6a353dec94675767b6319"},
]
"natsort 7.0.1" = [
    {file = "natsort-7.0.1-py3-none-any.whl", hash = "sha256:d3fd728a3ceb7c78a59aa8539692a75e37cbfd9b261d4d702e8016639820f90a"},
    {file = "natsort-7.0.1.tar.gz", hash = "sha256:a633464dc3a22b305df0f27abcb3e83515898aa1fd0ed2f9726c3571a27258cf"},
]
"pyaes 1.6.1" = [
    {file = "pyaes-1.6.1.tar.gz", hash = "sha256:02c1b1405c38d3c370b085fb952dd8bea3fadcee6411ad99f312cc129c536d8f"},
]
"pyrogram 1.0.7" = [
    {file = "Pyrogram-1.0.7-py3-none-any.whl", hash = "sha256:bc8a5bd7fdbd56271b43561f5ea01cf7a983074d1ab799dabeb531fe279dcc6f"},
    {file = "Pyrogram-1.0.7.tar.gz", hash = "sha256:95beff6eb1dbee38a96405a0d6600fda5ccbc8a9f29e693543f45b3a2ef0245b"},
]
"pysocks 1.7.1" = [
    {file = "PySocks-1.7.1-py27-none-any.whl", hash = "sha256:08e69f092cc6dbe92a0fdd16eeb9b9ffbc13cadfe5ca4c7bd92ffb078b293299"},
    {file = "PySocks-1.7.1-py3-none-any.whl", hash = "sha256:2725bd0a9925919b9b51739eea5f9e2bae91e83288108a9ad338b2e3a4435ee5"},
    {file = "PySocks-1.7.1.tar.gz", hash = "sha256:3f8804571ebe159c380ac6de37643bb4685970655d3bba243530d6558b799aa0"},
]
"python-dateutil 2.8.1" = [
    {file = "python_dateutil-2.8.1-py2.py3-none-any.whl", hash = "sha256:75bb3f31ea686f1197762692a9ee6a7550b59fc6ca3a1f4b5d7e32fb98e2da2a"},
    {file = "python-dateutil-2.8.1.tar.gz", hash = "sha256:73ebfe9dbf22e832286dafa60473e4cd239f8592f699aa5adaf10050e6e1823c"},
]
"pytz 2020.1" = [
    {file = "pytz-2020.1-py2.py3-none-any.whl", hash = "sha256:a494d53b6d39c3c6e44c3bec237336e14305e4f29bbf800b599253057fbb79ed"},
    {file = "pytz-2020.1.tar.gz", hash = "sha256:c35965d010ce31b23eeb663ed3cc8c906275d6be1a34393a1d73a41febf4a048"},
]
"rfc3986 1.4.0" = [
    {file = "rfc3986-1.4.0-py2.py3-none-any.whl", hash = "sha256:af9147e9aceda37c91a05f4deb128d4b4b49d6b199775fd2d2927768abdc8f50"},
    {file = "rfc3986-1.4.0.tar.gz", hash = "sha256:112398da31a3344dc25dbf477d8df6cb34f9278a94fee2625d89e4514be8bb9d"},
]
"rfc3986[idna2008] 1.4.0" = [
    {file = "rfc3986-1.4.0-py2.py3-none-any.whl", hash = "sha256:af9147e9aceda37c91a05f4deb128d4b4b49d6b199775fd2d2927768abdc8f50"},
    {file = "rfc3986-1.4.0.tar.gz", hash = "sha256:112398da31a3344dc25dbf477d8df6cb34f9278a94fee2625d89e4514be8bb9d"},
]
"six 1.15.0" = [
    {file = "six-1.15.0-py2.py3-none-any.whl", hash = "sha256:8b74bedcbbbaca38ff6d7491d76f2b06b3592611af620f8426e82dddb04a5ced"},
    {file = "six-1.15.0.tar.gz", hash = "sha256:30639c035cdb23534cd4aa2dd52c3bf48f06e5f4a941509c8bafd8ce11080259"},
]
"sniffio 1.2.0" = [
    {file = "sniffio-1.2.0-py3-none-any.whl", hash = "sha256:471b71698eac1c2112a40ce2752bb2f4a4814c22a54a3eed3676bc0f5ca9f663"},
    {file = "sniffio-1.2.0.tar.gz", hash = "sha256:c4666eecec1d3f50960c6bdf61ab7bc350648da6c126e3cf6898d8cd4ddcd3de"},
]
"tomlkit 0.7.0" = [
    {file = "tomlkit-0.7.0-py2.py3-none-any.whl", hash = "sha256:6babbd33b17d5c9691896b0e68159215a9387ebfa938aa3ac42f4a4beeb2b831"},
    {file = "tomlkit-0.7.0.tar.gz", hash = "sha256:ac57f29693fab3e309ea789252fcce3061e19110085aa31af5446ca749325618"},
]
"tzlocal 2.1" = [
    {file = "tzlocal-2.1-py2.py3-none-any.whl", hash = "sha256:e2cb6c6b5b604af38597403e9852872d7f534962ae2954c7f35efcb1ccacf4a4"},
    {file = "tzlocal-2.1.tar.gz", hash = "sha256:643c97c5294aedc737780a49d9df30889321cbe1204eac2c2ec6134035a92e44"},
]
"win32-setctime 1.0.3" = [
    {file = "win32_setctime-1.0.3-py3-none-any.whl", hash = "sha256:dc925662de0a6eb987f0b01f599c01a8236cb8c62831c22d9cada09ad958243e"},
    {file = "win32_setctime-1.0.3.tar.gz", hash = "sha256:4e88556c32fdf47f64165a2180ba4552f8bb32c1103a2fafd05723a0bd42bd4b"},
]

[root]
meta_version = "0.0.1"
content_hash = "md5:3b421b85acb4bd13c453bdb77f30bdbe"
